
Microsoft Visual Studio Solution File, Format Version 12.00
# Visual Studio Version 17
VisualStudioVersion = 17.9.34723.18
MinimumVisualStudioVersion = 10.0.40219.1
Project("{FAE04EC0-301F-11D3-BF4B-00C04F79EFBC}") = "HubtelWallet.API", "HubtelWallet.API\HubtelWallet.API.csproj", "{4C15FE4F-8726-4CE4-8954-2256B4BA9295}"
EndProject
Project("{FAE04EC0-301F-11D3-BF4B-00C04F79EFBC}") = "HubtelWallet.Infrastructure", "HubtelWallet.Infrastructure\HubtelWallet.Infrastructure.csproj", "{D44DC43D-A7B0-44CF-8B1A-85BCCD0DDED3}"
EndProject
Project("{FAE04EC0-301F-11D3-BF4B-00C04F79EFBC}") = "HubtelWallet.Domain", "HubtelWallet.Domain\HubtelWallet.Domain.csproj", "{BDA6F631-CB01-443C-91E3-ABD97C4ACA72}"
EndProject
Project("{FAE04EC0-301F-11D3-BF4B-00C04F79EFBC}") = "HubtelWallet.Application", "HubtelWallet.Application\HubtelWallet.Application.csproj", "{54DA0F9B-7E73-4B11-85FD-1B3779999D59}"
EndProject
Global
	GlobalSection(SolutionConfigurationPlatforms) = preSolution
		Debug|Any CPU = Debug|Any CPU
		Release|Any CPU = Release|Any CPU
	EndGlobalSection
	GlobalSection(ProjectConfigurationPlatforms) = postSolution
		{4C15FE4F-8726-4CE4-8954-2256B4BA9295}.Debug|Any CPU.ActiveCfg = Debug|Any CPU
		{4C15FE4F-8726-4CE4-8954-2256B4BA9295}.Debug|Any CPU.Build.0 = Debug|Any CPU
		{4C15FE4F-8726-4CE4-8954-2256B4BA9295}.Release|Any CPU.ActiveCfg = Release|Any CPU
		{4C15FE4F-8726-4CE4-8954-2256B4BA9295}.Release|Any CPU.Build.0 = Release|Any CPU
		{D44DC43D-A7B0-44CF-8B1A-85BCCD0DDED3}.Debug|Any CPU.ActiveCfg = Debug|Any CPU
		{D44DC43D-A7B0-44CF-8B1A-85BCCD0DDED3}.Debug|Any CPU.Build.0 = Debug|Any CPU
		{D44DC43D-A7B0-44CF-8B1A-85BCCD0DDED3}.Release|Any CPU.ActiveCfg = Release|Any CPU
		{D44DC43D-A7B0-44CF-8B1A-85BCCD0DDED3}.Release|Any CPU.Build.0 = Release|Any CPU
		{BDA6F631-CB01-443C-91E3-ABD97C4ACA72}.Debug|Any CPU.ActiveCfg = Debug|Any CPU
		{BDA6F631-CB01-443C-91E3-ABD97C4ACA72}.Debug|Any CPU.Build.0 = Debug|Any CPU
		{BDA6F631-CB01-443C-91E3-ABD97C4ACA72}.Release|Any CPU.ActiveCfg = Release|Any CPU
		{BDA6F631-CB01-443C-91E3-ABD97C4ACA72}.Release|Any CPU.Build.0 = Release|Any CPU
		{54DA0F9B-7E73-4B11-85FD-1B3779999D59}.Debug|Any CPU.ActiveCfg = Debug|Any CPU
		{54DA0F9B-7E73-4B11-85FD-1B3779999D59}.Debug|Any CPU.Build.0 = Debug|Any CPU
		{54DA0F9B-7E73-4B11-85FD-1B3779999D59}.Release|Any CPU.ActiveCfg = Release|Any CPU
		{54DA0F9B-7E73-4B11-85FD-1B3779999D59}.Release|Any CPU.Build.0 = Release|Any CPU
	EndGlobalSection
	GlobalSection(SolutionProperties) = preSolution
		HideSolutionNode = FALSE
	EndGlobalSection
	GlobalSection(ExtensibilityGlobals) = postSolution
		SolutionGuid = {69359AC7-95B4-4721-9C70-D1D1E758DE8A}
	EndGlobalSection
EndGlobal
